<?xml version="1.0" encoding="utf-8"?>
<Project ToolsVersion="4.0" xmlns="http://schemas.microsoft.com/developer/msbuild/2003">
  <ItemGroup>
    <Filter Include="Area master files">
      <UniqueIdentifier>{75dd8176-2f5d-4e8a-90b7-96c9c39e2a23}</UniqueIdentifier>
    </Filter>
  </ItemGroup>
  <ItemGroup>
    <ClInclude Include="area\eden_prime.h">
      <Filter>Area master files</Filter>
    </ClInclude>
    <ClInclude Include="config\state.h" />
    <ClInclude Include="controls\xbox.h" />
  </ItemGroup>
</Project>